
Microsoft Visual Studio Solution File, Format Version 12.00
# Visual Studio Version 16
VisualStudioVersion = 16.0.30523.141
MinimumVisualStudioVersion = 10.0.40219.1
Project("{FAE04EC0-301F-11D3-BF4B-00C04F79EFBC}") = "OnTapDe3", "OnTapDe3.csproj", "{30787146-C484-43D3-A338-C2E7DFD9F320}"
EndProject
Global
	GlobalSection(SolutionConfigurationPlatforms) = preSolution
		Debug|Any CPU = Debug|Any CPU
		Release|Any CPU = Release|Any CPU
	EndGlobalSection
	GlobalSection(ProjectConfigurationPlatforms) = postSolution
		{30787146-C484-43D3-A338-C2E7DFD9F320}.Debug|Any CPU.ActiveCfg = Debug|Any CPU
		{30787146-C484-43D3-A338-C2E7DFD9F320}.Debug|Any CPU.Build.0 = Debug|Any CPU
		{30787146-C484-43D3-A338-C2E7DFD9F320}.Release|Any CPU.ActiveCfg = Release|Any CPU
		{30787146-C484-43D3-A338-C2E7DFD9F320}.Release|Any CPU.Build.0 = Release|Any CPU
	EndGlobalSection
	GlobalSection(SolutionProperties) = preSolution
		HideSolutionNode = FALSE
	EndGlobalSection
	GlobalSection(ExtensibilityGlobals) = postSolution
		SolutionGuid = {4E208DD4-0AE4-42D2-8DDA-27D78AC5B600}
	EndGlobalSection
EndGlobal
