
Microsoft Visual Studio Solution File, Format Version 12.00
# Visual Studio Version 16
VisualStudioVersion = 16.0.31019.35
MinimumVisualStudioVersion = 10.0.40219.1
Project("{9A19103F-16F7-4668-BE54-9A1E7A4F7556}") = "BaiTap5", "Chuong2\BaiTap5.csproj", "{871B242E-BCE5-4CBD-8648-4C800FB7C484}"
EndProject
Project("{9A19103F-16F7-4668-BE54-9A1E7A4F7556}") = "BaiTap6", "BaiTap6\BaiTap6.csproj", "{3354B5BB-4F8B-4AE9-86F8-8C0B99E5BCA9}"
EndProject
Project("{9A19103F-16F7-4668-BE54-9A1E7A4F7556}") = "Baitap7", "Baitap7\Baitap7.csproj", "{1DEA7144-5905-461E-9699-12046A0E5A23}"
EndProject
Project("{9A19103F-16F7-4668-BE54-9A1E7A4F7556}") = "BaiTap8", "BaiTap8\BaiTap8.csproj", "{EFBDBC0C-462E-4740-9F4E-EB2C80D37CB2}"
EndProject
Project("{9A19103F-16F7-4668-BE54-9A1E7A4F7556}") = "BaiTap9", "BaiTap9\BaiTap9.csproj", "{5A8BEEE0-EC17-4FAE-9BD1-4EE3F32786F3}"
EndProject
Project("{9A19103F-16F7-4668-BE54-9A1E7A4F7556}") = "BaiTap10", "BaiTap10\BaiTap10.csproj", "{72F4BC3C-8555-497A-B096-1B5F1217D7EE}"
EndProject
Project("{9A19103F-16F7-4668-BE54-9A1E7A4F7556}") = "BaiTap11", "BaiTap11\BaiTap11.csproj", "{71CADB52-8C62-4168-A7E0-8349A683BFD8}"
EndProject
Project("{9A19103F-16F7-4668-BE54-9A1E7A4F7556}") = "BaiTap4", "BaiTap4\BaiTap4.csproj", "{27FE25AD-F827-4118-B618-64FC9330C1ED}"
EndProject
Project("{9A19103F-16F7-4668-BE54-9A1E7A4F7556}") = "BaiTap12", "BaiTap12\BaiTap12.csproj", "{AF4A0D80-C9D2-4B9F-AAA5-EB8F4E1B8220}"
EndProject
Project("{9A19103F-16F7-4668-BE54-9A1E7A4F7556}") = "BaiTap13", "BaiTap13\BaiTap13.csproj", "{81D2A6DF-05E8-481D-B6C9-52D267DE87B9}"
EndProject
Project("{9A19103F-16F7-4668-BE54-9A1E7A4F7556}") = "BaiTap14", "BaiTap14\BaiTap14.csproj", "{F9904DBE-39A3-4160-8797-7461F55CA801}"
EndProject
Project("{9A19103F-16F7-4668-BE54-9A1E7A4F7556}") = "BaiTap15", "BaiTap15\BaiTap15.csproj", "{80E6CBFB-1656-4FE7-A44C-5AA41334B836}"
EndProject
Project("{FAE04EC0-301F-11D3-BF4B-00C04F79EFBC}") = "BaiTap16", "BaiTap16\BaiTap16.csproj", "{BBA67217-6F61-4382-8EDD-51A365A7226C}"
EndProject
Project("{FAE04EC0-301F-11D3-BF4B-00C04F79EFBC}") = "BaiTap17", "BaiTap17\BaiTap17.csproj", "{80B55C37-AEBF-48B2-A4EC-D44A0D5AAA89}"
EndProject
Project("{FAE04EC0-301F-11D3-BF4B-00C04F79EFBC}") = "BaiTap18", "BaiTap18\BaiTap18.csproj", "{EB80226B-699E-4945-9EE3-4CA4AC80ED9A}"
EndProject
Global
	GlobalSection(SolutionConfigurationPlatforms) = preSolution
		Debug|Any CPU = Debug|Any CPU
		Release|Any CPU = Release|Any CPU
	EndGlobalSection
	GlobalSection(ProjectConfigurationPlatforms) = postSolution
		{871B242E-BCE5-4CBD-8648-4C800FB7C484}.Debug|Any CPU.ActiveCfg = Debug|Any CPU
		{871B242E-BCE5-4CBD-8648-4C800FB7C484}.Debug|Any CPU.Build.0 = Debug|Any CPU
		{871B242E-BCE5-4CBD-8648-4C800FB7C484}.Release|Any CPU.ActiveCfg = Release|Any CPU
		{871B242E-BCE5-4CBD-8648-4C800FB7C484}.Release|Any CPU.Build.0 = Release|Any CPU
		{3354B5BB-4F8B-4AE9-86F8-8C0B99E5BCA9}.Debug|Any CPU.ActiveCfg = Debug|Any CPU
		{3354B5BB-4F8B-4AE9-86F8-8C0B99E5BCA9}.Debug|Any CPU.Build.0 = Debug|Any CPU
		{3354B5BB-4F8B-4AE9-86F8-8C0B99E5BCA9}.Release|Any CPU.ActiveCfg = Release|Any CPU
		{3354B5BB-4F8B-4AE9-86F8-8C0B99E5BCA9}.Release|Any CPU.Build.0 = Release|Any CPU
		{1DEA7144-5905-461E-9699-12046A0E5A23}.Debug|Any CPU.ActiveCfg = Debug|Any CPU
		{1DEA7144-5905-461E-9699-12046A0E5A23}.Debug|Any CPU.Build.0 = Debug|Any CPU
		{1DEA7144-5905-461E-9699-12046A0E5A23}.Release|Any CPU.ActiveCfg = Release|Any CPU
		{1DEA7144-5905-461E-9699-12046A0E5A23}.Release|Any CPU.Build.0 = Release|Any CPU
		{EFBDBC0C-462E-4740-9F4E-EB2C80D37CB2}.Debug|Any CPU.ActiveCfg = Debug|Any CPU
		{EFBDBC0C-462E-4740-9F4E-EB2C80D37CB2}.Debug|Any CPU.Build.0 = Debug|Any CPU
		{EFBDBC0C-462E-4740-9F4E-EB2C80D37CB2}.Release|Any CPU.ActiveCfg = Release|Any CPU
		{EFBDBC0C-462E-4740-9F4E-EB2C80D37CB2}.Release|Any CPU.Build.0 = Release|Any CPU
		{5A8BEEE0-EC17-4FAE-9BD1-4EE3F32786F3}.Debug|Any CPU.ActiveCfg = Debug|Any CPU
		{5A8BEEE0-EC17-4FAE-9BD1-4EE3F32786F3}.Debug|Any CPU.Build.0 = Debug|Any CPU
		{5A8BEEE0-EC17-4FAE-9BD1-4EE3F32786F3}.Release|Any CPU.ActiveCfg = Release|Any CPU
		{5A8BEEE0-EC17-4FAE-9BD1-4EE3F32786F3}.Release|Any CPU.Build.0 = Release|Any CPU
		{72F4BC3C-8555-497A-B096-1B5F1217D7EE}.Debug|Any CPU.ActiveCfg = Debug|Any CPU
		{72F4BC3C-8555-497A-B096-1B5F1217D7EE}.Debug|Any CPU.Build.0 = Debug|Any CPU
		{72F4BC3C-8555-497A-B096-1B5F1217D7EE}.Release|Any CPU.ActiveCfg = Release|Any CPU
		{72F4BC3C-8555-497A-B096-1B5F1217D7EE}.Release|Any CPU.Build.0 = Release|Any CPU
		{71CADB52-8C62-4168-A7E0-8349A683BFD8}.Debug|Any CPU.ActiveCfg = Debug|Any CPU
		{71CADB52-8C62-4168-A7E0-8349A683BFD8}.Debug|Any CPU.Build.0 = Debug|Any CPU
		{71CADB52-8C62-4168-A7E0-8349A683BFD8}.Release|Any CPU.ActiveCfg = Release|Any CPU
		{71CADB52-8C62-4168-A7E0-8349A683BFD8}.Release|Any CPU.Build.0 = Release|Any CPU
		{27FE25AD-F827-4118-B618-64FC9330C1ED}.Debug|Any CPU.ActiveCfg = Debug|Any CPU
		{27FE25AD-F827-4118-B618-64FC9330C1ED}.Debug|Any CPU.Build.0 = Debug|Any CPU
		{27FE25AD-F827-4118-B618-64FC9330C1ED}.Release|Any CPU.ActiveCfg = Release|Any CPU
		{27FE25AD-F827-4118-B618-64FC9330C1ED}.Release|Any CPU.Build.0 = Release|Any CPU
		{AF4A0D80-C9D2-4B9F-AAA5-EB8F4E1B8220}.Debug|Any CPU.ActiveCfg = Debug|Any CPU
		{AF4A0D80-C9D2-4B9F-AAA5-EB8F4E1B8220}.Debug|Any CPU.Build.0 = Debug|Any CPU
		{AF4A0D80-C9D2-4B9F-AAA5-EB8F4E1B8220}.Release|Any CPU.ActiveCfg = Release|Any CPU
		{AF4A0D80-C9D2-4B9F-AAA5-EB8F4E1B8220}.Release|Any CPU.Build.0 = Release|Any CPU
		{81D2A6DF-05E8-481D-B6C9-52D267DE87B9}.Debug|Any CPU.ActiveCfg = Debug|Any CPU
		{81D2A6DF-05E8-481D-B6C9-52D267DE87B9}.Debug|Any CPU.Build.0 = Debug|Any CPU
		{81D2A6DF-05E8-481D-B6C9-52D267DE87B9}.Release|Any CPU.ActiveCfg = Release|Any CPU
		{81D2A6DF-05E8-481D-B6C9-52D267DE87B9}.Release|Any CPU.Build.0 = Release|Any CPU
		{F9904DBE-39A3-4160-8797-7461F55CA801}.Debug|Any CPU.ActiveCfg = Debug|Any CPU
		{F9904DBE-39A3-4160-8797-7461F55CA801}.Debug|Any CPU.Build.0 = Debug|Any CPU
		{F9904DBE-39A3-4160-8797-7461F55CA801}.Release|Any CPU.ActiveCfg = Release|Any CPU
		{F9904DBE-39A3-4160-8797-7461F55CA801}.Release|Any CPU.Build.0 = Release|Any CPU
		{80E6CBFB-1656-4FE7-A44C-5AA41334B836}.Debug|Any CPU.ActiveCfg = Debug|Any CPU
		{80E6CBFB-1656-4FE7-A44C-5AA41334B836}.Debug|Any CPU.Build.0 = Debug|Any CPU
		{80E6CBFB-1656-4FE7-A44C-5AA41334B836}.Release|Any CPU.ActiveCfg = Release|Any CPU
		{80E6CBFB-1656-4FE7-A44C-5AA41334B836}.Release|Any CPU.Build.0 = Release|Any CPU
		{BBA67217-6F61-4382-8EDD-51A365A7226C}.Debug|Any CPU.ActiveCfg = Debug|Any CPU
		{BBA67217-6F61-4382-8EDD-51A365A7226C}.Debug|Any CPU.Build.0 = Debug|Any CPU
		{BBA67217-6F61-4382-8EDD-51A365A7226C}.Release|Any CPU.ActiveCfg = Release|Any CPU
		{BBA67217-6F61-4382-8EDD-51A365A7226C}.Release|Any CPU.Build.0 = Release|Any CPU
		{80B55C37-AEBF-48B2-A4EC-D44A0D5AAA89}.Debug|Any CPU.ActiveCfg = Debug|Any CPU
		{80B55C37-AEBF-48B2-A4EC-D44A0D5AAA89}.Debug|Any CPU.Build.0 = Debug|Any CPU
		{80B55C37-AEBF-48B2-A4EC-D44A0D5AAA89}.Release|Any CPU.ActiveCfg = Release|Any CPU
		{80B55C37-AEBF-48B2-A4EC-D44A0D5AAA89}.Release|Any CPU.Build.0 = Release|Any CPU
		{EB80226B-699E-4945-9EE3-4CA4AC80ED9A}.Debug|Any CPU.ActiveCfg = Debug|Any CPU
		{EB80226B-699E-4945-9EE3-4CA4AC80ED9A}.Debug|Any CPU.Build.0 = Debug|Any CPU
		{EB80226B-699E-4945-9EE3-4CA4AC80ED9A}.Release|Any CPU.ActiveCfg = Release|Any CPU
		{EB80226B-699E-4945-9EE3-4CA4AC80ED9A}.Release|Any CPU.Build.0 = Release|Any CPU
	EndGlobalSection
	GlobalSection(SolutionProperties) = preSolution
		HideSolutionNode = FALSE
	EndGlobalSection
	GlobalSection(ExtensibilityGlobals) = postSolution
		SolutionGuid = {DE5549F5-384F-4A49-975B-5E9AB846B363}
	EndGlobalSection
EndGlobal
