
Microsoft Visual Studio Solution File, Format Version 12.00
# Visual Studio Version 17
VisualStudioVersion = 17.1.32228.430
MinimumVisualStudioVersion = 10.0.40219.1
Project("{FAE04EC0-301F-11D3-BF4B-00C04F79EFBC}") = "QLSinhVien_Demo(1)", "QLSinhVien_Demo(1)\QLSinhVien_Demo(1).csproj", "{DAE48084-1C6D-4E14-9D84-5EDF4BD352AA}"
EndProject
Global
	GlobalSection(SolutionConfigurationPlatforms) = preSolution
		Debug|Any CPU = Debug|Any CPU
		Release|Any CPU = Release|Any CPU
	EndGlobalSection
	GlobalSection(ProjectConfigurationPlatforms) = postSolution
		{DAE48084-1C6D-4E14-9D84-5EDF4BD352AA}.Debug|Any CPU.ActiveCfg = Debug|Any CPU
		{DAE48084-1C6D-4E14-9D84-5EDF4BD352AA}.Debug|Any CPU.Build.0 = Debug|Any CPU
		{DAE48084-1C6D-4E14-9D84-5EDF4BD352AA}.Release|Any CPU.ActiveCfg = Release|Any CPU
		{DAE48084-1C6D-4E14-9D84-5EDF4BD352AA}.Release|Any CPU.Build.0 = Release|Any CPU
	EndGlobalSection
	GlobalSection(SolutionProperties) = preSolution
		HideSolutionNode = FALSE
	EndGlobalSection
	GlobalSection(ExtensibilityGlobals) = postSolution
		SolutionGuid = {B2D3BE84-FE21-4905-BDF0-A05837B2B7A4}
	EndGlobalSection
EndGlobal
