
Microsoft Visual Studio Solution File, Format Version 12.00
# Visual Studio 14
VisualStudioVersion = 14.0.25420.1
MinimumVisualStudioVersion = 10.0.40219.1
Project("{FAE04EC0-301F-11D3-BF4B-00C04F79EFBC}") = "BaiTap1", "BaiTap1\BaiTap1.csproj", "{FAEA78C9-B6DE-4002-A27E-925C56500F93}"
EndProject
Project("{FAE04EC0-301F-11D3-BF4B-00C04F79EFBC}") = "BAiTap2", "BAiTap2\BAiTap2.csproj", "{53FB7A8B-1DCC-4323-9776-D14FB5DCDCC3}"
EndProject
Global
	GlobalSection(SolutionConfigurationPlatforms) = preSolution
		Debug|Any CPU = Debug|Any CPU
		Release|Any CPU = Release|Any CPU
	EndGlobalSection
	GlobalSection(ProjectConfigurationPlatforms) = postSolution
		{FAEA78C9-B6DE-4002-A27E-925C56500F93}.Debug|Any CPU.ActiveCfg = Debug|Any CPU
		{FAEA78C9-B6DE-4002-A27E-925C56500F93}.Debug|Any CPU.Build.0 = Debug|Any CPU
		{FAEA78C9-B6DE-4002-A27E-925C56500F93}.Release|Any CPU.ActiveCfg = Release|Any CPU
		{FAEA78C9-B6DE-4002-A27E-925C56500F93}.Release|Any CPU.Build.0 = Release|Any CPU
		{53FB7A8B-1DCC-4323-9776-D14FB5DCDCC3}.Debug|Any CPU.ActiveCfg = Debug|Any CPU
		{53FB7A8B-1DCC-4323-9776-D14FB5DCDCC3}.Debug|Any CPU.Build.0 = Debug|Any CPU
		{53FB7A8B-1DCC-4323-9776-D14FB5DCDCC3}.Release|Any CPU.ActiveCfg = Release|Any CPU
		{53FB7A8B-1DCC-4323-9776-D14FB5DCDCC3}.Release|Any CPU.Build.0 = Release|Any CPU
	EndGlobalSection
	GlobalSection(SolutionProperties) = preSolution
		HideSolutionNode = FALSE
	EndGlobalSection
EndGlobal
