
Microsoft Visual Studio Solution File, Format Version 12.00
# Visual Studio Version 17
VisualStudioVersion = 17.4.33213.308
MinimumVisualStudioVersion = 10.0.40219.1
Project("{FAE04EC0-301F-11D3-BF4B-00C04F79EFBC}") = "baiToanXuatTapHop", "baiToanXuatTapHop\baiToanXuatTapHop.csproj", "{29E0A492-3820-493E-8A49-F066CF30AF40}"
EndProject
Global
	GlobalSection(SolutionConfigurationPlatforms) = preSolution
		Debug|Any CPU = Debug|Any CPU
		Release|Any CPU = Release|Any CPU
	EndGlobalSection
	GlobalSection(ProjectConfigurationPlatforms) = postSolution
		{29E0A492-3820-493E-8A49-F066CF30AF40}.Debug|Any CPU.ActiveCfg = Debug|Any CPU
		{29E0A492-3820-493E-8A49-F066CF30AF40}.Debug|Any CPU.Build.0 = Debug|Any CPU
		{29E0A492-3820-493E-8A49-F066CF30AF40}.Release|Any CPU.ActiveCfg = Release|Any CPU
		{29E0A492-3820-493E-8A49-F066CF30AF40}.Release|Any CPU.Build.0 = Release|Any CPU
	EndGlobalSection
	GlobalSection(SolutionProperties) = preSolution
		HideSolutionNode = FALSE
	EndGlobalSection
	GlobalSection(ExtensibilityGlobals) = postSolution
		SolutionGuid = {58DB7166-0B1A-401E-9FFC-2DD3B26078B4}
	EndGlobalSection
EndGlobal
