
Microsoft Visual Studio Solution File, Format Version 12.00
# Visual Studio Version 16
VisualStudioVersion = 16.0.29911.84
MinimumVisualStudioVersion = 10.0.40219.1
Project("{FAE04EC0-301F-11D3-BF4B-00C04F79EFBC}") = "Lab05_Demo", "Lab05_Demo\Lab05_Demo.csproj", "{69170C56-303B-472A-AEEE-EC41B0F32B99}"
EndProject
Global
	GlobalSection(SolutionConfigurationPlatforms) = preSolution
		Debug|Any CPU = Debug|Any CPU
		Release|Any CPU = Release|Any CPU
	EndGlobalSection
	GlobalSection(ProjectConfigurationPlatforms) = postSolution
		{69170C56-303B-472A-AEEE-EC41B0F32B99}.Debug|Any CPU.ActiveCfg = Debug|Any CPU
		{69170C56-303B-472A-AEEE-EC41B0F32B99}.Debug|Any CPU.Build.0 = Debug|Any CPU
		{69170C56-303B-472A-AEEE-EC41B0F32B99}.Release|Any CPU.ActiveCfg = Release|Any CPU
		{69170C56-303B-472A-AEEE-EC41B0F32B99}.Release|Any CPU.Build.0 = Release|Any CPU
	EndGlobalSection
	GlobalSection(SolutionProperties) = preSolution
		HideSolutionNode = FALSE
	EndGlobalSection
	GlobalSection(ExtensibilityGlobals) = postSolution
		SolutionGuid = {2B1C3BB1-F5C2-4EEB-A3DF-101C75C3F275}
	EndGlobalSection
EndGlobal
